PODS:
  - YPDemoLib (0.1.0):
    - YPDemoLib/Category (= 0.1.0)
    - YPDemoLib/LoadResourceDemo (= 0.1.0)
  - YPDemoLib/Category (0.1.0)
  - YPDemoLib/LoadResourceDemo (0.1.0)

DEPENDENCIES:
  - YPDemoLib (from `../`)

EXTERNAL SOURCES:
  YPDemoLib:
    :path: "../"

SPEC CHECKSUMS:
  YPDemoLib: 96c07251d57d18ccc91c9682fb53a235493a3b96

PODFILE CHECKSUM: 4cf49dc8f3aef01539839f35b966c3c06f23b58d

COCOAPODS: 1.6.0.beta.1
