PODS:
  - YPDemoLib (0.1.0):
    - YPDemoLib/Category (= 0.1.0)
    - YPDemoLib/YPImageVc (= 0.1.0)
    - YPDemoLib/YPLoginVc (= 0.1.0)
  - YPDemoLib/Category (0.1.0)
  - YPDemoLib/YPImageVc (0.1.0)
  - YPDemoLib/YPLoginVc (0.1.0)

DEPENDENCIES:
  - YPDemoLib (from `../`)

EXTERNAL SOURCES:
  YPDemoLib:
    :path: "../"

SPEC CHECKSUMS:
  YPDemoLib: 30180ab5e9b33daacf07af576bb007103feed1fd

PODFILE CHECKSUM: 4cf49dc8f3aef01539839f35b966c3c06f23b58d

COCOAPODS: 1.6.0.beta.1
